{
  "nodes": {
    "devenv": {
      "locked": {
        "dir": "src/modules",
        "lastModified": 1785352168,
        "narHash": "sha256-m/9I5Ai3+wbJuKXtwwaFLG+4Db7Pg2EUYP3ZGLsA7xU=",
        "owner": "cachix",
        "repo": "devenv",
        "rev": "bf3fde552a27d5e41c52c0fcfbf258e396c995bb",
        "type": "github"
      },
      "original": {
        "dir": "src/modules",
        "owner": "cachix",
        "repo": "devenv",
        "type": "github"
      }
    },
    "nixpkgs": {
      "locked": {
        "lastModified": 1785133411,
        "narHash": "sha256-Yjv0WEg39KRYS0rBdTbu6Fc/or/ihAKk13W9sQ6VWd0=",
        "owner": "NixOS",
        "repo": "nixpkgs",
        "rev": "2f5a153c270b70cb0f8c11f46d96d6d3bc39f4e3",
        "type": "github"
      },
      "original": {
        "owner": "NixOS",
        "ref": "nixos-26.05",
        "repo": "nixpkgs",
        "type": "github"
      }
    },
    "root": {
      "inputs": {
        "devenv": "devenv",
        "nixpkgs": "nixpkgs"
      }
    }
  },
  "root": "root",
  "version": 7
}